# THIS IS AN AUTOGENERATED FILE. DO NOT EDIT THIS FILE DIRECTLY.
# yarn lockfile v1


coc.nvim@^0.0.82:
  version "0.0.82"
  resolved "https://registry.yarnpkg.com/coc.nvim/-/coc.nvim-0.0.82.tgz#5230e2eb17e8499a60a97b46d844f2d08c593b29"
  integrity sha512-+70ap6FH8FSdaQ0CPijaasQzg6ue84j4/LkX6ZSpALX7YKBcGGDkCcd6adgaC/86b/ZqT3iTTEbMh3mdaI5qPA==
